
Microsoft Visual Studio Solution File, Format Version 12.00
# Visual Studio Version 17
VisualStudioVersion = 17.13.35828.75 d17.13
MinimumVisualStudioVersion = 10.0.40219.1
Project("{8BC9CEB8-8B4A-11D0-8D11-00A0C91BC942}") = "ejerciciosRepasoExamen", "ejerciciosRepasoExamen\ejerciciosRepasoExamen.vcxproj", "{A9BE341E-16E0-4722-AB54-AE917E68D12F}"
EndProject
Global
	GlobalSection(SolutionConfigurationPlatforms) = preSolution
		Debug|x64 = Debug|x64
		Debug|x86 = Debug|x86
		Release|x64 = Release|x64
		Release|x86 = Release|x86
	EndGlobalSection
	GlobalSection(ProjectConfigurationPlatforms) = postSolution
		{A9BE341E-16E0-4722-AB54-AE917E68D12F}.Debug|x64.ActiveCfg = Debug|x64
		{A9BE341E-16E0-4722-AB54-AE917E68D12F}.Debug|x64.Build.0 = Debug|x64
		{A9BE341E-16E0-4722-AB54-AE917E68D12F}.Debug|x86.ActiveCfg = Debug|Win32
		{A9BE341E-16E0-4722-AB54-AE917E68D12F}.Debug|x86.Build.0 = Debug|Win32
		{A9BE341E-16E0-4722-AB54-AE917E68D12F}.Release|x64.ActiveCfg = Release|x64
		{A9BE341E-16E0-4722-AB54-AE917E68D12F}.Release|x64.Build.0 = Release|x64
		{A9BE341E-16E0-4722-AB54-AE917E68D12F}.Release|x86.ActiveCfg = Release|Win32
		{A9BE341E-16E0-4722-AB54-AE917E68D12F}.Release|x86.Build.0 = Release|Win32
	EndGlobalSection
	GlobalSection(SolutionProperties) = preSolution
		HideSolutionNode = FALSE
	EndGlobalSection
	GlobalSection(ExtensibilityGlobals) = postSolution
		SolutionGuid = {2E774DC0-D92F-47BA-956A-CE078237A160}
	EndGlobalSection
EndGlobal
